
Microsoft Visual Studio Solution File, Format Version 12.00
# Visual Studio 14
VisualStudioVersion = 14.0.25420.1
MinimumVisualStudioVersion = 10.0.40219.1
Project("{FAE04EC0-301F-11D3-BF4B-00C04F79EFBC}") = "GarageSale.Droid", "GarageSale\GarageSale.Droid\GarageSale.Droid.csproj", "{87716A41-AA24-4DD2-B63A-62B02B3B4216}"
EndProject
Project("{FAE04EC0-301F-11D3-BF4B-00C04F79EFBC}") = "GarageSale.iOS", "GarageSale\GarageSale.iOS\GarageSale.iOS.csproj", "{81999B03-8D8D-4592-AC17-4A7BD53387C8}"
EndProject
Project("{FAE04EC0-301F-11D3-BF4B-00C04F79EFBC}") = "GarageSale.WinPhone", "GarageSale\GarageSale.WinPhone\GarageSale.WinPhone.csproj", "{C439C34B-6221-4314-9A29-242E2714FC6D}"
EndProject
Project("{FAE04EC0-301F-11D3-BF4B-00C04F79EFBC}") = "GarageSale.UWP", "GarageSale\GarageSale.UWP\GarageSale.UWP.csproj", "{5E9336D7-166B-4626-8A5F-E05A8F5D93AC}"
EndProject
Project("{FAE04EC0-301F-11D3-BF4B-00C04F79EFBC}") = "GarageSale.Windows", "GarageSale\GarageSale.Windows\GarageSale.Windows.csproj", "{A7C81509-D886-4AFB-B45A-F6F0BE503E33}"
EndProject
Project("{FAE04EC0-301F-11D3-BF4B-00C04F79EFBC}") = "GarageSale", "GarageSale\GarageSale\GarageSale.csproj", "{38792E77-A0EB-4E74-A561-1D6E0E83DD96}"
EndProject
Global
	GlobalSection(SolutionConfigurationPlatforms) = preSolution
		Ad-Hoc|Any CPU = Ad-Hoc|Any CPU
		Ad-Hoc|ARM = Ad-Hoc|ARM
		Ad-Hoc|iPhone = Ad-Hoc|iPhone
		Ad-Hoc|iPhoneSimulator = Ad-Hoc|iPhoneSimulator
		Ad-Hoc|x64 = Ad-Hoc|x64
		Ad-Hoc|x86 = Ad-Hoc|x86
		AppStore|Any CPU = AppStore|Any CPU
		AppStore|ARM = AppStore|ARM
		AppStore|iPhone = AppStore|iPhone
		AppStore|iPhoneSimulator = AppStore|iPhoneSimulator
		AppStore|x64 = AppStore|x64
		AppStore|x86 = AppStore|x86
		Debug|Any CPU = Debug|Any CPU
		Debug|ARM = Debug|ARM
		Debug|iPhone = Debug|iPhone
		Debug|iPhoneSimulator = Debug|iPhoneSimulator
		Debug|x64 = Debug|x64
		Debug|x86 = Debug|x86
		Release|Any CPU = Release|Any CPU
		Release|ARM = Release|ARM
		Release|iPhone = Release|iPhone
		Release|iPhoneSimulator = Release|iPhoneSimulator
		Release|x64 = Release|x64
		Release|x86 = Release|x86
	EndGlobalSection
	GlobalSection(ProjectConfigurationPlatforms) = postSolution
		{87716A41-AA24-4DD2-B63A-62B02B3B4216}.Ad-Hoc|Any CPU.ActiveCfg = Release|Any CPU
		{87716A41-AA24-4DD2-B63A-62B02B3B4216}.Ad-Hoc|Any CPU.Build.0 = Release|Any CPU
		{87716A41-AA24-4DD2-B63A-62B02B3B4216}.Ad-Hoc|Any CPU.Deploy.0 = Release|Any CPU
		{87716A41-AA24-4DD2-B63A-62B02B3B4216}.Ad-Hoc|ARM.ActiveCfg = Release|Any CPU
		{87716A41-AA24-4DD2-B63A-62B02B3B4216}.Ad-Hoc|ARM.Build.0 = Release|Any CPU
		{87716A41-AA24-4DD2-B63A-62B02B3B4216}.Ad-Hoc|ARM.Deploy.0 = Release|Any CPU
		{87716A41-AA24-4DD2-B63A-62B02B3B4216}.Ad-Hoc|iPhone.ActiveCfg = Release|Any CPU
		{87716A41-AA24-4DD2-B63A-62B02B3B4216}.Ad-Hoc|iPhone.Build.0 = Release|Any CPU
		{87716A41-AA24-4DD2-B63A-62B02B3B4216}.Ad-Hoc|iPhone.Deploy.0 = Release|Any CPU
		{87716A41-AA24-4DD2-B63A-62B02B3B4216}.Ad-Hoc|iPhoneSimulator.ActiveCfg = Release|Any CPU
		{87716A41-AA24-4DD2-B63A-62B02B3B4216}.Ad-Hoc|iPhoneSimulator.Build.0 = Release|Any CPU
		{87716A41-AA24-4DD2-B63A-62B02B3B4216}.Ad-Hoc|iPhoneSimulator.Deploy.0 = Release|Any CPU
		{87716A41-AA24-4DD2-B63A-62B02B3B4216}.Ad-Hoc|x64.ActiveCfg = Release|Any CPU
		{87716A41-AA24-4DD2-B63A-62B02B3B4216}.Ad-Hoc|x64.Build.0 = Release|Any CPU
		{87716A41-AA24-4DD2-B63A-62B02B3B4216}.Ad-Hoc|x64.Deploy.0 = Release|Any CPU
		{87716A41-AA24-4DD2-B63A-62B02B3B4216}.Ad-Hoc|x86.ActiveCfg = Release|Any CPU
		{87716A41-AA24-4DD2-B63A-62B02B3B4216}.Ad-Hoc|x86.Build.0 = Release|Any CPU
		{87716A41-AA24-4DD2-B63A-62B02B3B4216}.Ad-Hoc|x86.Deploy.0 = Release|Any CPU
		{87716A41-AA24-4DD2-B63A-62B02B3B4216}.AppStore|Any CPU.ActiveCfg = Release|Any CPU
		{87716A41-AA24-4DD2-B63A-62B02B3B4216}.AppStore|Any CPU.Build.0 = Release|Any CPU
		{87716A41-AA24-4DD2-B63A-62B02B3B4216}.AppStore|Any CPU.Deploy.0 = Release|Any CPU
		{87716A41-AA24-4DD2-B63A-62B02B3B4216}.AppStore|ARM.ActiveCfg = Release|Any CPU
		{87716A41-AA24-4DD2-B63A-62B02B3B4216}.AppStore|ARM.Build.0 = Release|Any CPU
		{87716A41-AA24-4DD2-B63A-62B02B3B4216}.AppStore|ARM.Deploy.0 = Release|Any CPU
		{87716A41-AA24-4DD2-B63A-62B02B3B4216}.AppStore|iPhone.ActiveCfg = Release|Any CPU
		{87716A41-AA24-4DD2-B63A-62B02B3B4216}.AppStore|iPhone.Build.0 = Release|Any CPU
		{87716A41-AA24-4DD2-B63A-62B02B3B4216}.AppStore|iPhone.Deploy.0 = Release|Any CPU
		{87716A41-AA24-4DD2-B63A-62B02B3B4216}.AppStore|iPhoneSimulator.ActiveCfg = Release|Any CPU
		{87716A41-AA24-4DD2-B63A-62B02B3B4216}.AppStore|iPhoneSimulator.Build.0 = Release|Any CPU
		{87716A41-AA24-4DD2-B63A-62B02B3B4216}.AppStore|iPhoneSimulator.Deploy.0 = Release|Any CPU
		{87716A41-AA24-4DD2-B63A-62B02B3B4216}.AppStore|x64.ActiveCfg = Release|Any CPU
		{87716A41-AA24-4DD2-B63A-62B02B3B4216}.AppStore|x64.Build.0 = Release|Any CPU
		{87716A41-AA24-4DD2-B63A-62B02B3B4216}.AppStore|x64.Deploy.0 = Release|Any CPU
		{87716A41-AA24-4DD2-B63A-62B02B3B4216}.AppStore|x86.ActiveCfg = Release|Any CPU
		{87716A41-AA24-4DD2-B63A-62B02B3B4216}.AppStore|x86.Build.0 = Release|Any CPU
		{87716A41-AA24-4DD2-B63A-62B02B3B4216}.AppStore|x86.Deploy.0 = Release|Any CPU
		{87716A41-AA24-4DD2-B63A-62B02B3B4216}.Debug|Any CPU.ActiveCfg = Debug|Any CPU
		{87716A41-AA24-4DD2-B63A-62B02B3B4216}.Debug|Any CPU.Build.0 = Debug|Any CPU
		{87716A41-AA24-4DD2-B63A-62B02B3B4216}.Debug|Any CPU.Deploy.0 = Debug|Any CPU
		{87716A41-AA24-4DD2-B63A-62B02B3B4216}.Debug|ARM.ActiveCfg = Debug|Any CPU
		{87716A41-AA24-4DD2-B63A-62B02B3B4216}.Debug|ARM.Build.0 = Debug|Any CPU
		{87716A41-AA24-4DD2-B63A-62B02B3B4216}.Debug|ARM.Deploy.0 = Debug|Any CPU
		{87716A41-AA24-4DD2-B63A-62B02B3B4216}.Debug|iPhone.ActiveCfg = Debug|Any CPU
		{87716A41-AA24-4DD2-B63A-62B02B3B4216}.Debug|iPhone.Build.0 = Debug|Any CPU
		{87716A41-AA24-4DD2-B63A-62B02B3B4216}.Debug|iPhone.Deploy.0 = Debug|Any CPU
		{87716A41-AA24-4DD2-B63A-62B02B3B4216}.Debug|iPhoneSimulator.ActiveCfg = Debug|Any CPU
		{87716A41-AA24-4DD2-B63A-62B02B3B4216}.Debug|iPhoneSimulator.Build.0 = Debug|Any CPU
		{87716A41-AA24-4DD2-B63A-62B02B3B4216}.Debug|iPhoneSimulator.Deploy.0 = Debug|Any CPU
		{87716A41-AA24-4DD2-B63A-62B02B3B4216}.Debug|x64.ActiveCfg = Debug|Any CPU
		{87716A41-AA24-4DD2-B63A-62B02B3B4216}.Debug|x64.Build.0 = Debug|Any CPU
		{87716A41-AA24-4DD2-B63A-62B02B3B4216}.Debug|x64.Deploy.0 = Debug|Any CPU
		{87716A41-AA24-4DD2-B63A-62B02B3B4216}.Debug|x86.ActiveCfg = Debug|Any CPU
		{87716A41-AA24-4DD2-B63A-62B02B3B4216}.Debug|x86.Build.0 = Debug|Any CPU
		{87716A41-AA24-4DD2-B63A-62B02B3B4216}.Debug|x86.Deploy.0 = Debug|Any CPU
		{87716A41-AA24-4DD2-B63A-62B02B3B4216}.Release|Any CPU.ActiveCfg = Release|Any CPU
		{87716A41-AA24-4DD2-B63A-62B02B3B4216}.Release|Any CPU.Build.0 = Release|Any CPU
		{87716A41-AA24-4DD2-B63A-62B02B3B4216}.Release|Any CPU.Deploy.0 = Release|Any CPU
		{87716A41-AA24-4DD2-B63A-62B02B3B4216}.Release|ARM.ActiveCfg = Release|Any CPU
		{87716A41-AA24-4DD2-B63A-62B02B3B4216}.Release|ARM.Build.0 = Release|Any CPU
		{87716A41-AA24-4DD2-B63A-62B02B3B4216}.Release|ARM.Deploy.0 = Release|Any CPU
		{87716A41-AA24-4DD2-B63A-62B02B3B4216}.Release|iPhone.ActiveCfg = Release|Any CPU
		{87716A41-AA24-4DD2-B63A-62B02B3B4216}.Release|iPhone.Build.0 = Release|Any CPU
		{87716A41-AA24-4DD2-B63A-62B02B3B4216}.Release|iPhone.Deploy.0 = Release|Any CPU
		{87716A41-AA24-4DD2-B63A-62B02B3B4216}.Release|iPhoneSimulator.ActiveCfg = Release|Any CPU
		{87716A41-AA24-4DD2-B63A-62B02B3B4216}.Release|iPhoneSimulator.Build.0 = Release|Any CPU
		{87716A41-AA24-4DD2-B63A-62B02B3B4216}.Release|iPhoneSimulator.Deploy.0 = Release|Any CPU
		{87716A41-AA24-4DD2-B63A-62B02B3B4216}.Release|x64.ActiveCfg = Release|Any CPU
		{87716A41-AA24-4DD2-B63A-62B02B3B4216}.Release|x64.Build.0 = Release|Any CPU
		{87716A41-AA24-4DD2-B63A-62B02B3B4216}.Release|x64.Deploy.0 = Release|Any CPU
		{87716A41-AA24-4DD2-B63A-62B02B3B4216}.Release|x86.ActiveCfg = Release|Any CPU
		{87716A41-AA24-4DD2-B63A-62B02B3B4216}.Release|x86.Build.0 = Release|Any CPU
		{87716A41-AA24-4DD2-B63A-62B02B3B4216}.Release|x86.Deploy.0 = Release|Any CPU
		{81999B03-8D8D-4592-AC17-4A7BD53387C8}.Ad-Hoc|Any CPU.ActiveCfg = Ad-Hoc|iPhone
		{81999B03-8D8D-4592-AC17-4A7BD53387C8}.Ad-Hoc|ARM.ActiveCfg = Ad-Hoc|iPhone
		{81999B03-8D8D-4592-AC17-4A7BD53387C8}.Ad-Hoc|iPhone.ActiveCfg = Ad-Hoc|iPhone
		{81999B03-8D8D-4592-AC17-4A7BD53387C8}.Ad-Hoc|iPhone.Build.0 = Ad-Hoc|iPhone
		{81999B03-8D8D-4592-AC17-4A7BD53387C8}.Ad-Hoc|iPhoneSimulator.ActiveCfg = Ad-Hoc|iPhoneSimulator
		{81999B03-8D8D-4592-AC17-4A7BD53387C8}.Ad-Hoc|iPhoneSimulator.Build.0 = Ad-Hoc|iPhoneSimulator
		{81999B03-8D8D-4592-AC17-4A7BD53387C8}.Ad-Hoc|x64.ActiveCfg = Ad-Hoc|iPhone
		{81999B03-8D8D-4592-AC17-4A7BD53387C8}.Ad-Hoc|x86.ActiveCfg = Ad-Hoc|iPhone
		{81999B03-8D8D-4592-AC17-4A7BD53387C8}.AppStore|Any CPU.ActiveCfg = AppStore|iPhone
		{81999B03-8D8D-4592-AC17-4A7BD53387C8}.AppStore|ARM.ActiveCfg = AppStore|iPhone
		{81999B03-8D8D-4592-AC17-4A7BD53387C8}.AppStore|iPhone.ActiveCfg = AppStore|iPhone
		{81999B03-8D8D-4592-AC17-4A7BD53387C8}.AppStore|iPhone.Build.0 = AppStore|iPhone
		{81999B03-8D8D-4592-AC17-4A7BD53387C8}.AppStore|iPhoneSimulator.ActiveCfg = AppStore|iPhoneSimulator
		{81999B03-8D8D-4592-AC17-4A7BD53387C8}.AppStore|iPhoneSimulator.Build.0 = AppStore|iPhoneSimulator
		{81999B03-8D8D-4592-AC17-4A7BD53387C8}.AppStore|x64.ActiveCfg = AppStore|iPhone
		{81999B03-8D8D-4592-AC17-4A7BD53387C8}.AppStore|x86.ActiveCfg = AppStore|iPhone
		{81999B03-8D8D-4592-AC17-4A7BD53387C8}.Debug|Any CPU.ActiveCfg = Debug|iPhone
		{81999B03-8D8D-4592-AC17-4A7BD53387C8}.Debug|ARM.ActiveCfg = Debug|iPhone
		{81999B03-8D8D-4592-AC17-4A7BD53387C8}.Debug|iPhone.ActiveCfg = Debug|iPhone
		{81999B03-8D8D-4592-AC17-4A7BD53387C8}.Debug|iPhone.Build.0 = Debug|iPhone
		{81999B03-8D8D-4592-AC17-4A7BD53387C8}.Debug|iPhoneSimulator.ActiveCfg = Debug|iPhoneSimulator
		{81999B03-8D8D-4592-AC17-4A7BD53387C8}.Debug|iPhoneSimulator.Build.0 = Debug|iPhoneSimulator
		{81999B03-8D8D-4592-AC17-4A7BD53387C8}.Debug|x64.ActiveCfg = Debug|iPhone
		{81999B03-8D8D-4592-AC17-4A7BD53387C8}.Debug|x86.ActiveCfg = Debug|iPhone
		{81999B03-8D8D-4592-AC17-4A7BD53387C8}.Release|Any CPU.ActiveCfg = Release|iPhone
		{81999B03-8D8D-4592-AC17-4A7BD53387C8}.Release|ARM.ActiveCfg = Release|iPhone
		{81999B03-8D8D-4592-AC17-4A7BD53387C8}.Release|iPhone.ActiveCfg = Release|iPhone
		{81999B03-8D8D-4592-AC17-4A7BD53387C8}.Release|iPhone.Build.0 = Release|iPhone
		{81999B03-8D8D-4592-AC17-4A7BD53387C8}.Release|iPhoneSimulator.ActiveCfg = Release|iPhoneSimulator
		{81999B03-8D8D-4592-AC17-4A7BD53387C8}.Release|iPhoneSimulator.Build.0 = Release|iPhoneSimulator
		{81999B03-8D8D-4592-AC17-4A7BD53387C8}.Release|x64.ActiveCfg = Release|iPhone
		{81999B03-8D8D-4592-AC17-4A7BD53387C8}.Release|x86.ActiveCfg = Release|iPhone
		{C439C34B-6221-4314-9A29-242E2714FC6D}.Ad-Hoc|Any CPU.ActiveCfg = Release|Any CPU
		{C439C34B-6221-4314-9A29-242E2714FC6D}.Ad-Hoc|Any CPU.Build.0 = Release|Any CPU
		{C439C34B-6221-4314-9A29-242E2714FC6D}.Ad-Hoc|Any CPU.Deploy.0 = Release|Any CPU
		{C439C34B-6221-4314-9A29-242E2714FC6D}.Ad-Hoc|ARM.ActiveCfg = Release|ARM
		{C439C34B-6221-4314-9A29-242E2714FC6D}.Ad-Hoc|ARM.Build.0 = Release|ARM
		{C439C34B-6221-4314-9A29-242E2714FC6D}.Ad-Hoc|ARM.Deploy.0 = Release|ARM
		{C439C34B-6221-4314-9A29-242E2714FC6D}.Ad-Hoc|iPhone.ActiveCfg = Release|Any CPU
		{C439C34B-6221-4314-9A29-242E2714FC6D}.Ad-Hoc|iPhone.Build.0 = Release|Any CPU
		{C439C34B-6221-4314-9A29-242E2714FC6D}.Ad-Hoc|iPhone.Deploy.0 = Release|Any CPU
		{C439C34B-6221-4314-9A29-242E2714FC6D}.Ad-Hoc|iPhoneSimulator.ActiveCfg = Release|Any CPU
		{C439C34B-6221-4314-9A29-242E2714FC6D}.Ad-Hoc|iPhoneSimulator.Build.0 = Release|Any CPU
		{C439C34B-6221-4314-9A29-242E2714FC6D}.Ad-Hoc|iPhoneSimulator.Deploy.0 = Release|Any CPU
		{C439C34B-6221-4314-9A29-242E2714FC6D}.Ad-Hoc|x64.ActiveCfg = Release|Any CPU
		{C439C34B-6221-4314-9A29-242E2714FC6D}.Ad-Hoc|x64.Build.0 = Release|Any CPU
		{C439C34B-6221-4314-9A29-242E2714FC6D}.Ad-Hoc|x64.Deploy.0 = Release|Any CPU
		{C439C34B-6221-4314-9A29-242E2714FC6D}.Ad-Hoc|x86.ActiveCfg = Release|x86
		{C439C34B-6221-4314-9A29-242E2714FC6D}.Ad-Hoc|x86.Build.0 = Release|x86
		{C439C34B-6221-4314-9A29-242E2714FC6D}.Ad-Hoc|x86.Deploy.0 = Release|x86
		{C439C34B-6221-4314-9A29-242E2714FC6D}.AppStore|Any CPU.ActiveCfg = Release|Any CPU
		{C439C34B-6221-4314-9A29-242E2714FC6D}.AppStore|Any CPU.Build.0 = Release|Any CPU
		{C439C34B-6221-4314-9A29-242E2714FC6D}.AppStore|Any CPU.Deploy.0 = Release|Any CPU
		{C439C34B-6221-4314-9A29-242E2714FC6D}.AppStore|ARM.ActiveCfg = Release|ARM
		{C439C34B-6221-4314-9A29-242E2714FC6D}.AppStore|ARM.Build.0 = Release|ARM
		{C439C34B-6221-4314-9A29-242E2714FC6D}.AppStore|ARM.Deploy.0 = Release|ARM
		{C439C34B-6221-4314-9A29-242E2714FC6D}.AppStore|iPhone.ActiveCfg = Release|Any CPU
		{C439C34B-6221-4314-9A29-242E2714FC6D}.AppStore|iPhone.Build.0 = Release|Any CPU
		{C439C34B-6221-4314-9A29-242E2714FC6D}.AppStore|iPhone.Deploy.0 = Release|Any CPU
		{C439C34B-6221-4314-9A29-242E2714FC6D}.AppStore|iPhoneSimulator.ActiveCfg = Release|Any CPU
		{C439C34B-6221-4314-9A29-242E2714FC6D}.AppStore|iPhoneSimulator.Build.0 = Release|Any CPU
		{C439C34B-6221-4314-9A29-242E2714FC6D}.AppStore|iPhoneSimulator.Deploy.0 = Release|Any CPU
		{C439C34B-6221-4314-9A29-242E2714FC6D}.AppStore|x64.ActiveCfg = Release|Any CPU
		{C439C34B-6221-4314-9A29-242E2714FC6D}.AppStore|x64.Build.0 = Release|Any CPU
		{C439C34B-6221-4314-9A29-242E2714FC6D}.AppStore|x64.Deploy.0 = Release|Any CPU
		{C439C34B-6221-4314-9A29-242E2714FC6D}.AppStore|x86.ActiveCfg = Release|x86
		{C439C34B-6221-4314-9A29-242E2714FC6D}.AppStore|x86.Build.0 = Release|x86
		{C439C34B-6221-4314-9A29-242E2714FC6D}.AppStore|x86.Deploy.0 = Release|x86
		{C439C34B-6221-4314-9A29-242E2714FC6D}.Debug|Any CPU.ActiveCfg = Debug|Any CPU
		{C439C34B-6221-4314-9A29-242E2714FC6D}.Debug|Any CPU.Build.0 = Debug|Any CPU
		{C439C34B-6221-4314-9A29-242E2714FC6D}.Debug|Any CPU.Deploy.0 = Debug|Any CPU
		{C439C34B-6221-4314-9A29-242E2714FC6D}.Debug|ARM.ActiveCfg = Debug|ARM
		{C439C34B-6221-4314-9A29-242E2714FC6D}.Debug|ARM.Build.0 = Debug|ARM
		{C439C34B-6221-4314-9A29-242E2714FC6D}.Debug|ARM.Deploy.0 = Debug|ARM
		{C439C34B-6221-4314-9A29-242E2714FC6D}.Debug|iPhone.ActiveCfg = Debug|Any CPU
		{C439C34B-6221-4314-9A29-242E2714FC6D}.Debug|iPhone.Build.0 = Debug|Any CPU
		{C439C34B-6221-4314-9A29-242E2714FC6D}.Debug|iPhone.Deploy.0 = Debug|Any CPU
		{C439C34B-6221-4314-9A29-242E2714FC6D}.Debug|iPhoneSimulator.ActiveCfg = Debug|Any CPU
		{C439C34B-6221-4314-9A29-242E2714FC6D}.Debug|iPhoneSimulator.Build.0 = Debug|Any CPU
		{C439C34B-6221-4314-9A29-242E2714FC6D}.Debug|iPhoneSimulator.Deploy.0 = Debug|Any CPU
		{C439C34B-6221-4314-9A29-242E2714FC6D}.Debug|x64.ActiveCfg = Debug|Any CPU
		{C439C34B-6221-4314-9A29-242E2714FC6D}.Debug|x64.Build.0 = Debug|Any CPU
		{C439C34B-6221-4314-9A29-242E2714FC6D}.Debug|x64.Deploy.0 = Debug|Any CPU
		{C439C34B-6221-4314-9A29-242E2714FC6D}.Debug|x86.ActiveCfg = Debug|x86
		{C439C34B-6221-4314-9A29-242E2714FC6D}.Debug|x86.Build.0 = Debug|x86
		{C439C34B-6221-4314-9A29-242E2714FC6D}.Debug|x86.Deploy.0 = Debug|x86
		{C439C34B-6221-4314-9A29-242E2714FC6D}.Release|Any CPU.ActiveCfg = Release|Any CPU
		{C439C34B-6221-4314-9A29-242E2714FC6D}.Release|Any CPU.Build.0 = Release|Any CPU
		{C439C34B-6221-4314-9A29-242E2714FC6D}.Release|Any CPU.Deploy.0 = Release|Any CPU
		{C439C34B-6221-4314-9A29-242E2714FC6D}.Release|ARM.ActiveCfg = Release|ARM
		{C439C34B-6221-4314-9A29-242E2714FC6D}.Release|ARM.Build.0 = Release|ARM
		{C439C34B-6221-4314-9A29-242E2714FC6D}.Release|ARM.Deploy.0 = Release|ARM
		{C439C34B-6221-4314-9A29-242E2714FC6D}.Release|iPhone.ActiveCfg = Release|Any CPU
		{C439C34B-6221-4314-9A29-242E2714FC6D}.Release|iPhone.Build.0 = Release|Any CPU
		{C439C34B-6221-4314-9A29-242E2714FC6D}.Release|iPhone.Deploy.0 = Release|Any CPU
		{C439C34B-6221-4314-9A29-242E2714FC6D}.Release|iPhoneSimulator.ActiveCfg = Release|Any CPU
		{C439C34B-6221-4314-9A29-242E2714FC6D}.Release|iPhoneSimulator.Build.0 = Release|Any CPU
		{C439C34B-6221-4314-9A29-242E2714FC6D}.Release|iPhoneSimulator.Deploy.0 = Release|Any CPU
		{C439C34B-6221-4314-9A29-242E2714FC6D}.Release|x64.ActiveCfg = Release|Any CPU
		{C439C34B-6221-4314-9A29-242E2714FC6D}.Release|x64.Build.0 = Release|Any CPU
		{C439C34B-6221-4314-9A29-242E2714FC6D}.Release|x64.Deploy.0 = Release|Any CPU
		{C439C34B-6221-4314-9A29-242E2714FC6D}.Release|x86.ActiveCfg = Release|x86
		{C439C34B-6221-4314-9A29-242E2714FC6D}.Release|x86.Build.0 = Release|x86
		{C439C34B-6221-4314-9A29-242E2714FC6D}.Release|x86.Deploy.0 = Release|x86
		{5E9336D7-166B-4626-8A5F-E05A8F5D93AC}.Ad-Hoc|Any CPU.ActiveCfg = Release|x86
		{5E9336D7-166B-4626-8A5F-E05A8F5D93AC}.Ad-Hoc|Any CPU.Build.0 = Release|x86
		{5E9336D7-166B-4626-8A5F-E05A8F5D93AC}.Ad-Hoc|Any CPU.Deploy.0 = Release|x86
		{5E9336D7-166B-4626-8A5F-E05A8F5D93AC}.Ad-Hoc|ARM.ActiveCfg = Release|ARM
		{5E9336D7-166B-4626-8A5F-E05A8F5D93AC}.Ad-Hoc|ARM.Build.0 = Release|ARM
		{5E9336D7-166B-4626-8A5F-E05A8F5D93AC}.Ad-Hoc|ARM.Deploy.0 = Release|ARM
		{5E9336D7-166B-4626-8A5F-E05A8F5D93AC}.Ad-Hoc|iPhone.ActiveCfg = Release|x86
		{5E9336D7-166B-4626-8A5F-E05A8F5D93AC}.Ad-Hoc|iPhone.Build.0 = Release|x86
		{5E9336D7-166B-4626-8A5F-E05A8F5D93AC}.Ad-Hoc|iPhone.Deploy.0 = Release|x86
		{5E9336D7-166B-4626-8A5F-E05A8F5D93AC}.Ad-Hoc|iPhoneSimulator.ActiveCfg = Release|x86
		{5E9336D7-166B-4626-8A5F-E05A8F5D93AC}.Ad-Hoc|iPhoneSimulator.Build.0 = Release|x86
		{5E9336D7-166B-4626-8A5F-E05A8F5D93AC}.Ad-Hoc|iPhoneSimulator.Deploy.0 = Release|x86
		{5E9336D7-166B-4626-8A5F-E05A8F5D93AC}.Ad-Hoc|x64.ActiveCfg = Release|x64
		{5E9336D7-166B-4626-8A5F-E05A8F5D93AC}.Ad-Hoc|x64.Build.0 = Release|x64
		{5E9336D7-166B-4626-8A5F-E05A8F5D93AC}.Ad-Hoc|x64.Deploy.0 = Release|x64
		{5E9336D7-166B-4626-8A5F-E05A8F5D93AC}.Ad-Hoc|x86.ActiveCfg = Release|x86
		{5E9336D7-166B-4626-8A5F-E05A8F5D93AC}.Ad-Hoc|x86.Build.0 = Release|x86
		{5E9336D7-166B-4626-8A5F-E05A8F5D93AC}.Ad-Hoc|x86.Deploy.0 = Release|x86
		{5E9336D7-166B-4626-8A5F-E05A8F5D93AC}.AppStore|Any CPU.ActiveCfg = Release|x86
		{5E9336D7-166B-4626-8A5F-E05A8F5D93AC}.AppStore|Any CPU.Build.0 = Release|x86
		{5E9336D7-166B-4626-8A5F-E05A8F5D93AC}.AppStore|Any CPU.Deploy.0 = Release|x86
		{5E9336D7-166B-4626-8A5F-E05A8F5D93AC}.AppStore|ARM.ActiveCfg = Release|ARM
		{5E9336D7-166B-4626-8A5F-E05A8F5D93AC}.AppStore|ARM.Build.0 = Release|ARM
		{5E9336D7-166B-4626-8A5F-E05A8F5D93AC}.AppStore|ARM.Deploy.0 = Release|ARM
		{5E9336D7-166B-4626-8A5F-E05A8F5D93AC}.AppStore|iPhone.ActiveCfg = Release|x86
		{5E9336D7-166B-4626-8A5F-E05A8F5D93AC}.AppStore|iPhone.Build.0 = Release|x86
		{5E9336D7-166B-4626-8A5F-E05A8F5D93AC}.AppStore|iPhone.Deploy.0 = Release|x86
		{5E9336D7-166B-4626-8A5F-E05A8F5D93AC}.AppStore|iPhoneSimulator.ActiveCfg = Release|x86
		{5E9336D7-166B-4626-8A5F-E05A8F5D93AC}.AppStore|iPhoneSimulator.Build.0 = Release|x86
		{5E9336D7-166B-4626-8A5F-E05A8F5D93AC}.AppStore|iPhoneSimulator.Deploy.0 = Release|x86
		{5E9336D7-166B-4626-8A5F-E05A8F5D93AC}.AppStore|x64.ActiveCfg = Release|x64
		{5E9336D7-166B-4626-8A5F-E05A8F5D93AC}.AppStore|x64.Build.0 = Release|x64
		{5E9336D7-166B-4626-8A5F-E05A8F5D93AC}.AppStore|x64.Deploy.0 = Release|x64
		{5E9336D7-166B-4626-8A5F-E05A8F5D93AC}.AppStore|x86.ActiveCfg = Release|x86
		{5E9336D7-166B-4626-8A5F-E05A8F5D93AC}.AppStore|x86.Build.0 = Release|x86
		{5E9336D7-166B-4626-8A5F-E05A8F5D93AC}.AppStore|x86.Deploy.0 = Release|x86
		{5E9336D7-166B-4626-8A5F-E05A8F5D93AC}.Debug|Any CPU.ActiveCfg = Debug|x86
		{5E9336D7-166B-4626-8A5F-E05A8F5D93AC}.Debug|ARM.ActiveCfg = Debug|ARM
		{5E9336D7-166B-4626-8A5F-E05A8F5D93AC}.Debug|ARM.Build.0 = Debug|ARM
		{5E9336D7-166B-4626-8A5F-E05A8F5D93AC}.Debug|ARM.Deploy.0 = Debug|ARM
		{5E9336D7-166B-4626-8A5F-E05A8F5D93AC}.Debug|iPhone.ActiveCfg = Debug|x86
		{5E9336D7-166B-4626-8A5F-E05A8F5D93AC}.Debug|iPhoneSimulator.ActiveCfg = Debug|x86
		{5E9336D7-166B-4626-8A5F-E05A8F5D93AC}.Debug|x64.ActiveCfg = Debug|x64
		{5E9336D7-166B-4626-8A5F-E05A8F5D93AC}.Debug|x64.Build.0 = Debug|x64
		{5E9336D7-166B-4626-8A5F-E05A8F5D93AC}.Debug|x64.Deploy.0 = Debug|x64
		{5E9336D7-166B-4626-8A5F-E05A8F5D93AC}.Debug|x86.ActiveCfg = Debug|x86
		{5E9336D7-166B-4626-8A5F-E05A8F5D93AC}.Debug|x86.Build.0 = Debug|x86
		{5E9336D7-166B-4626-8A5F-E05A8F5D93AC}.Debug|x86.Deploy.0 = Debug|x86
		{5E9336D7-166B-4626-8A5F-E05A8F5D93AC}.Release|Any CPU.ActiveCfg = Release|x86
		{5E9336D7-166B-4626-8A5F-E05A8F5D93AC}.Release|ARM.ActiveCfg = Release|ARM
		{5E9336D7-166B-4626-8A5F-E05A8F5D93AC}.Release|ARM.Build.0 = Release|ARM
		{5E9336D7-166B-4626-8A5F-E05A8F5D93AC}.Release|ARM.Deploy.0 = Release|ARM
		{5E9336D7-166B-4626-8A5F-E05A8F5D93AC}.Release|iPhone.ActiveCfg = Release|x86
		{5E9336D7-166B-4626-8A5F-E05A8F5D93AC}.Release|iPhoneSimulator.ActiveCfg = Release|x86
		{5E9336D7-166B-4626-8A5F-E05A8F5D93AC}.Release|x64.ActiveCfg = Release|x64
		{5E9336D7-166B-4626-8A5F-E05A8F5D93AC}.Release|x64.Build.0 = Release|x64
		{5E9336D7-166B-4626-8A5F-E05A8F5D93AC}.Release|x64.Deploy.0 = Release|x64
		{5E9336D7-166B-4626-8A5F-E05A8F5D93AC}.Release|x86.ActiveCfg = Release|x86
		{5E9336D7-166B-4626-8A5F-E05A8F5D93AC}.Release|x86.Build.0 = Release|x86
		{5E9336D7-166B-4626-8A5F-E05A8F5D93AC}.Release|x86.Deploy.0 = Release|x86
		{A7C81509-D886-4AFB-B45A-F6F0BE503E33}.Ad-Hoc|Any CPU.ActiveCfg = Release|Any CPU
		{A7C81509-D886-4AFB-B45A-F6F0BE503E33}.Ad-Hoc|Any CPU.Build.0 = Release|Any CPU
		{A7C81509-D886-4AFB-B45A-F6F0BE503E33}.Ad-Hoc|Any CPU.Deploy.0 = Release|Any CPU
		{A7C81509-D886-4AFB-B45A-F6F0BE503E33}.Ad-Hoc|ARM.ActiveCfg = Release|ARM
		{A7C81509-D886-4AFB-B45A-F6F0BE503E33}.Ad-Hoc|ARM.Build.0 = Release|ARM
		{A7C81509-D886-4AFB-B45A-F6F0BE503E33}.Ad-Hoc|ARM.Deploy.0 = Release|ARM
		{A7C81509-D886-4AFB-B45A-F6F0BE503E33}.Ad-Hoc|iPhone.ActiveCfg = Release|Any CPU
		{A7C81509-D886-4AFB-B45A-F6F0BE503E33}.Ad-Hoc|iPhone.Build.0 = Release|Any CPU
		{A7C81509-D886-4AFB-B45A-F6F0BE503E33}.Ad-Hoc|iPhone.Deploy.0 = Release|Any CPU
		{A7C81509-D886-4AFB-B45A-F6F0BE503E33}.Ad-Hoc|iPhoneSimulator.ActiveCfg = Release|Any CPU
		{A7C81509-D886-4AFB-B45A-F6F0BE503E33}.Ad-Hoc|iPhoneSimulator.Build.0 = Release|Any CPU
		{A7C81509-D886-4AFB-B45A-F6F0BE503E33}.Ad-Hoc|iPhoneSimulator.Deploy.0 = Release|Any CPU
		{A7C81509-D886-4AFB-B45A-F6F0BE503E33}.Ad-Hoc|x64.ActiveCfg = Release|x64
		{A7C81509-D886-4AFB-B45A-F6F0BE503E33}.Ad-Hoc|x64.Build.0 = Release|x64
		{A7C81509-D886-4AFB-B45A-F6F0BE503E33}.Ad-Hoc|x64.Deploy.0 = Release|x64
		{A7C81509-D886-4AFB-B45A-F6F0BE503E33}.Ad-Hoc|x86.ActiveCfg = Release|x86
		{A7C81509-D886-4AFB-B45A-F6F0BE503E33}.Ad-Hoc|x86.Build.0 = Release|x86
		{A7C81509-D886-4AFB-B45A-F6F0BE503E33}.Ad-Hoc|x86.Deploy.0 = Release|x86
		{A7C81509-D886-4AFB-B45A-F6F0BE503E33}.AppStore|Any CPU.ActiveCfg = Release|Any CPU
		{A7C81509-D886-4AFB-B45A-F6F0BE503E33}.AppStore|Any CPU.Build.0 = Release|Any CPU
		{A7C81509-D886-4AFB-B45A-F6F0BE503E33}.AppStore|Any CPU.Deploy.0 = Release|Any CPU
		{A7C81509-D886-4AFB-B45A-F6F0BE503E33}.AppStore|ARM.ActiveCfg = Release|ARM
		{A7C81509-D886-4AFB-B45A-F6F0BE503E33}.AppStore|ARM.Build.0 = Release|ARM
		{A7C81509-D886-4AFB-B45A-F6F0BE503E33}.AppStore|ARM.Deploy.0 = Release|ARM
		{A7C81509-D886-4AFB-B45A-F6F0BE503E33}.AppStore|iPhone.ActiveCfg = Release|Any CPU
		{A7C81509-D886-4AFB-B45A-F6F0BE503E33}.AppStore|iPhone.Build.0 = Release|Any CPU
		{A7C81509-D886-4AFB-B45A-F6F0BE503E33}.AppStore|iPhone.Deploy.0 = Release|Any CPU
		{A7C81509-D886-4AFB-B45A-F6F0BE503E33}.AppStore|iPhoneSimulator.ActiveCfg = Release|Any CPU
		{A7C81509-D886-4AFB-B45A-F6F0BE503E33}.AppStore|iPhoneSimulator.Build.0 = Release|Any CPU
		{A7C81509-D886-4AFB-B45A-F6F0BE503E33}.AppStore|iPhoneSimulator.Deploy.0 = Release|Any CPU
		{A7C81509-D886-4AFB-B45A-F6F0BE503E33}.AppStore|x64.ActiveCfg = Release|x64
		{A7C81509-D886-4AFB-B45A-F6F0BE503E33}.AppStore|x64.Build.0 = Release|x64
		{A7C81509-D886-4AFB-B45A-F6F0BE503E33}.AppStore|x64.Deploy.0 = Release|x64
		{A7C81509-D886-4AFB-B45A-F6F0BE503E33}.AppStore|x86.ActiveCfg = Release|x86
		{A7C81509-D886-4AFB-B45A-F6F0BE503E33}.AppStore|x86.Build.0 = Release|x86
		{A7C81509-D886-4AFB-B45A-F6F0BE503E33}.AppStore|x86.Deploy.0 = Release|x86
		{A7C81509-D886-4AFB-B45A-F6F0BE503E33}.Debug|Any CPU.ActiveCfg = Debug|Any CPU
		{A7C81509-D886-4AFB-B45A-F6F0BE503E33}.Debug|Any CPU.Build.0 = Debug|Any CPU
		{A7C81509-D886-4AFB-B45A-F6F0BE503E33}.Debug|Any CPU.Deploy.0 = Debug|Any CPU
		{A7C81509-D886-4AFB-B45A-F6F0BE503E33}.Debug|ARM.ActiveCfg = Debug|ARM
		{A7C81509-D886-4AFB-B45A-F6F0BE503E33}.Debug|ARM.Build.0 = Debug|ARM
		{A7C81509-D886-4AFB-B45A-F6F0BE503E33}.Debug|ARM.Deploy.0 = Debug|ARM
		{A7C81509-D886-4AFB-B45A-F6F0BE503E33}.Debug|iPhone.ActiveCfg = Debug|Any CPU
		{A7C81509-D886-4AFB-B45A-F6F0BE503E33}.Debug|iPhone.Build.0 = Debug|Any CPU
		{A7C81509-D886-4AFB-B45A-F6F0BE503E33}.Debug|iPhone.Deploy.0 = Debug|Any CPU
		{A7C81509-D886-4AFB-B45A-F6F0BE503E33}.Debug|iPhoneSimulator.ActiveCfg = Debug|Any CPU
		{A7C81509-D886-4AFB-B45A-F6F0BE503E33}.Debug|iPhoneSimulator.Build.0 = Debug|Any CPU
		{A7C81509-D886-4AFB-B45A-F6F0BE503E33}.Debug|iPhoneSimulator.Deploy.0 = Debug|Any CPU
		{A7C81509-D886-4AFB-B45A-F6F0BE503E33}.Debug|x64.ActiveCfg = Debug|x64
		{A7C81509-D886-4AFB-B45A-F6F0BE503E33}.Debug|x64.Build.0 = Debug|x64
		{A7C81509-D886-4AFB-B45A-F6F0BE503E33}.Debug|x64.Deploy.0 = Debug|x64
		{A7C81509-D886-4AFB-B45A-F6F0BE503E33}.Debug|x86.ActiveCfg = Debug|x86
		{A7C81509-D886-4AFB-B45A-F6F0BE503E33}.Debug|x86.Build.0 = Debug|x86
		{A7C81509-D886-4AFB-B45A-F6F0BE503E33}.Debug|x86.Deploy.0 = Debug|x86
		{A7C81509-D886-4AFB-B45A-F6F0BE503E33}.Release|Any CPU.ActiveCfg = Release|Any CPU
		{A7C81509-D886-4AFB-B45A-F6F0BE503E33}.Release|Any CPU.Build.0 = Release|Any CPU
		{A7C81509-D886-4AFB-B45A-F6F0BE503E33}.Release|Any CPU.Deploy.0 = Release|Any CPU
		{A7C81509-D886-4AFB-B45A-F6F0BE503E33}.Release|ARM.ActiveCfg = Release|ARM
		{A7C81509-D886-4AFB-B45A-F6F0BE503E33}.Release|ARM.Build.0 = Release|ARM
		{A7C81509-D886-4AFB-B45A-F6F0BE503E33}.Release|ARM.Deploy.0 = Release|ARM
		{A7C81509-D886-4AFB-B45A-F6F0BE503E33}.Release|iPhone.ActiveCfg = Release|Any CPU
		{A7C81509-D886-4AFB-B45A-F6F0BE503E33}.Release|iPhone.Build.0 = Release|Any CPU
		{A7C81509-D886-4AFB-B45A-F6F0BE503E33}.Release|iPhone.Deploy.0 = Release|Any CPU
		{A7C81509-D886-4AFB-B45A-F6F0BE503E33}.Release|iPhoneSimulator.ActiveCfg = Release|Any CPU
		{A7C81509-D886-4AFB-B45A-F6F0BE503E33}.Release|iPhoneSimulator.Build.0 = Release|Any CPU
		{A7C81509-D886-4AFB-B45A-F6F0BE503E33}.Release|iPhoneSimulator.Deploy.0 = Release|Any CPU
		{A7C81509-D886-4AFB-B45A-F6F0BE503E33}.Release|x64.ActiveCfg = Release|x64
		{A7C81509-D886-4AFB-B45A-F6F0BE503E33}.Release|x64.Build.0 = Release|x64
		{A7C81509-D886-4AFB-B45A-F6F0BE503E33}.Release|x64.Deploy.0 = Release|x64
		{A7C81509-D886-4AFB-B45A-F6F0BE503E33}.Release|x86.ActiveCfg = Release|x86
		{A7C81509-D886-4AFB-B45A-F6F0BE503E33}.Release|x86.Build.0 = Release|x86
		{A7C81509-D886-4AFB-B45A-F6F0BE503E33}.Release|x86.Deploy.0 = Release|x86
		{38792E77-A0EB-4E74-A561-1D6E0E83DD96}.Ad-Hoc|Any CPU.ActiveCfg = Release|Any CPU
		{38792E77-A0EB-4E74-A561-1D6E0E83DD96}.Ad-Hoc|Any CPU.Build.0 = Release|Any CPU
		{38792E77-A0EB-4E74-A561-1D6E0E83DD96}.Ad-Hoc|ARM.ActiveCfg = Release|Any CPU
		{38792E77-A0EB-4E74-A561-1D6E0E83DD96}.Ad-Hoc|ARM.Build.0 = Release|Any CPU
		{38792E77-A0EB-4E74-A561-1D6E0E83DD96}.Ad-Hoc|iPhone.ActiveCfg = Release|Any CPU
		{38792E77-A0EB-4E74-A561-1D6E0E83DD96}.Ad-Hoc|iPhone.Build.0 = Release|Any CPU
		{38792E77-A0EB-4E74-A561-1D6E0E83DD96}.Ad-Hoc|iPhoneSimulator.ActiveCfg = Release|Any CPU
		{38792E77-A0EB-4E74-A561-1D6E0E83DD96}.Ad-Hoc|iPhoneSimulator.Build.0 = Release|Any CPU
		{38792E77-A0EB-4E74-A561-1D6E0E83DD96}.Ad-Hoc|x64.ActiveCfg = Release|Any CPU
		{38792E77-A0EB-4E74-A561-1D6E0E83DD96}.Ad-Hoc|x64.Build.0 = Release|Any CPU
		{38792E77-A0EB-4E74-A561-1D6E0E83DD96}.Ad-Hoc|x86.ActiveCfg = Release|Any CPU
		{38792E77-A0EB-4E74-A561-1D6E0E83DD96}.Ad-Hoc|x86.Build.0 = Release|Any CPU
		{38792E77-A0EB-4E74-A561-1D6E0E83DD96}.AppStore|Any CPU.ActiveCfg = Release|Any CPU
		{38792E77-A0EB-4E74-A561-1D6E0E83DD96}.AppStore|Any CPU.Build.0 = Release|Any CPU
		{38792E77-A0EB-4E74-A561-1D6E0E83DD96}.AppStore|ARM.ActiveCfg = Release|Any CPU
		{38792E77-A0EB-4E74-A561-1D6E0E83DD96}.AppStore|ARM.Build.0 = Release|Any CPU
		{38792E77-A0EB-4E74-A561-1D6E0E83DD96}.AppStore|iPhone.ActiveCfg = Release|Any CPU
		{38792E77-A0EB-4E74-A561-1D6E0E83DD96}.AppStore|iPhone.Build.0 = Release|Any CPU
		{38792E77-A0EB-4E74-A561-1D6E0E83DD96}.AppStore|iPhoneSimulator.ActiveCfg = Release|Any CPU
		{38792E77-A0EB-4E74-A561-1D6E0E83DD96}.AppStore|iPhoneSimulator.Build.0 = Release|Any CPU
		{38792E77-A0EB-4E74-A561-1D6E0E83DD96}.AppStore|x64.ActiveCfg = Release|Any CPU
		{38792E77-A0EB-4E74-A561-1D6E0E83DD96}.AppStore|x64.Build.0 = Release|Any CPU
		{38792E77-A0EB-4E74-A561-1D6E0E83DD96}.AppStore|x86.ActiveCfg = Release|Any CPU
		{38792E77-A0EB-4E74-A561-1D6E0E83DD96}.AppStore|x86.Build.0 = Release|Any CPU
		{38792E77-A0EB-4E74-A561-1D6E0E83DD96}.Debug|Any CPU.ActiveCfg = Debug|Any CPU
		{38792E77-A0EB-4E74-A561-1D6E0E83DD96}.Debug|Any CPU.Build.0 = Debug|Any CPU
		{38792E77-A0EB-4E74-A561-1D6E0E83DD96}.Debug|ARM.ActiveCfg = Debug|Any CPU
		{38792E77-A0EB-4E74-A561-1D6E0E83DD96}.Debug|ARM.Build.0 = Debug|Any CPU
		{38792E77-A0EB-4E74-A561-1D6E0E83DD96}.Debug|iPhone.ActiveCfg = Debug|Any CPU
		{38792E77-A0EB-4E74-A561-1D6E0E83DD96}.Debug|iPhone.Build.0 = Debug|Any CPU
		{38792E77-A0EB-4E74-A561-1D6E0E83DD96}.Debug|iPhoneSimulator.ActiveCfg = Debug|Any CPU
		{38792E77-A0EB-4E74-A561-1D6E0E83DD96}.Debug|iPhoneSimulator.Build.0 = Debug|Any CPU
		{38792E77-A0EB-4E74-A561-1D6E0E83DD96}.Debug|x64.ActiveCfg = Debug|Any CPU
		{38792E77-A0EB-4E74-A561-1D6E0E83DD96}.Debug|x64.Build.0 = Debug|Any CPU
		{38792E77-A0EB-4E74-A561-1D6E0E83DD96}.Debug|x86.ActiveCfg = Debug|Any CPU
		{38792E77-A0EB-4E74-A561-1D6E0E83DD96}.Debug|x86.Build.0 = Debug|Any CPU
		{38792E77-A0EB-4E74-A561-1D6E0E83DD96}.Release|Any CPU.ActiveCfg = Release|Any CPU
		{38792E77-A0EB-4E74-A561-1D6E0E83DD96}.Release|Any CPU.Build.0 = Release|Any CPU
		{38792E77-A0EB-4E74-A561-1D6E0E83DD96}.Release|ARM.ActiveCfg = Release|Any CPU
		{38792E77-A0EB-4E74-A561-1D6E0E83DD96}.Release|ARM.Build.0 = Release|Any CPU
		{38792E77-A0EB-4E74-A561-1D6E0E83DD96}.Release|iPhone.ActiveCfg = Release|Any CPU
		{38792E77-A0EB-4E74-A561-1D6E0E83DD96}.Release|iPhone.Build.0 = Release|Any CPU
		{38792E77-A0EB-4E74-A561-1D6E0E83DD96}.Release|iPhoneSimulator.ActiveCfg = Release|Any CPU
		{38792E77-A0EB-4E74-A561-1D6E0E83DD96}.Release|iPhoneSimulator.Build.0 = Release|Any CPU
		{38792E77-A0EB-4E74-A561-1D6E0E83DD96}.Release|x64.ActiveCfg = Release|Any CPU
		{38792E77-A0EB-4E74-A561-1D6E0E83DD96}.Release|x64.Build.0 = Release|Any CPU
		{38792E77-A0EB-4E74-A561-1D6E0E83DD96}.Release|x86.ActiveCfg = Release|Any CPU
		{38792E77-A0EB-4E74-A561-1D6E0E83DD96}.Release|x86.Build.0 = Release|Any CPU
	EndGlobalSection
	GlobalSection(SolutionProperties) = preSolution
		HideSolutionNode = FALSE
	EndGlobalSection
EndGlobal
